uuid: 4819124d-6d2d-4576-9332-34c6679e4553
langcode: en
status: true
dependencies:
  config:
    - field.storage.paragraph.field_uswds_media_block
    - paragraphs.paragraphs_type.uswds_graphic_list
    - paragraphs.paragraphs_type.uswds_media_block
  module:
    - entity_reference_revisions
id: paragraph.uswds_graphic_list.field_uswds_media_block
field_name: field_uswds_media_block
entity_type: paragraph
bundle: uswds_graphic_list
label: 'Media blocks'
description: ''
required: true
translatable: false
default_value: {  }
default_value_callback: ''
settings:
  handler: 'default:paragraph'
  handler_settings:
    target_bundles:
      uswds_media_block: uswds_media_block
    target_bundles_drag_drop:
      uswds_graphic_list:
        weight: 6
        enabled: false
      uswds_hero_callout:
        weight: 7
        enabled: false
      uswds_media_block:
        enabled: true
        weight: 8
      uswds_one_and_two:
        weight: 9
        enabled: false
      uswds_two_and_one:
        weight: 10
        enabled: false
field_type: entity_reference_revisions
